
Microsoft Visual Studio Solution File, Format Version 12.00
# Visual Studio 15
VisualStudioVersion = 15.0.27130.2024
MinimumVisualStudioVersion = 10.0.40219.1
Project("{FAE04EC0-301F-11D3-BF4B-00C04F79EFBC}") = "FessooFramework", "FessooFramework\FessooFramework.csproj", "{BC3CFFB9-7052-4F1F-8EDF-A05773F83CAF}"
EndProject
Project("{FAE04EC0-301F-11D3-BF4B-00C04F79EFBC}") = "Example", "Example\Example.csproj", "{C1FCF933-AC76-4A09-8489-F94C1C730D56}"
EndProject
Project("{FAE04EC0-301F-11D3-BF4B-00C04F79EFBC}") = "ExampleWPF", "ExampleWPF\ExampleWPF.csproj", "{2DA7B279-11E3-4A6E-A90F-96AED98FB39D}"
EndProject
Project("{FAE04EC0-301F-11D3-BF4B-00C04F79EFBC}") = "ExampleService", "ExampleService\ExampleService.csproj", "{95207EB2-F0E3-4B04-8EF9-37F4BD92176E}"
EndProject
Project("{2150E333-8FDC-42A3-9474-1A3956D46DE8}") = "Applications", "Applications", "{1DD25E21-CF9A-4817-B838-D6781F3EAEB0}"
EndProject
Project("{2150E333-8FDC-42A3-9474-1A3956D46DE8}") = "Services", "Services", "{DA6525B8-5640-4432-9ECB-32677D3A61C8}"
EndProject
Project("{FAE04EC0-301F-11D3-BF4B-00C04F79EFBC}") = "ExampleDataService", "ExampleDataService\ExampleDataService.csproj", "{CF0F0DF5-764A-40AA-850F-6D974392B0F7}"
EndProject
Project("{FAE04EC0-301F-11D3-BF4B-00C04F79EFBC}") = "ExampleServiceClient", "ExampleServiceClient\ExampleServiceClient.csproj", "{3219261F-EE14-431F-94D1-B222CE698D60}"
EndProject
Project("{FAE04EC0-301F-11D3-BF4B-00C04F79EFBC}") = "ExampleServiceModels", "ExampleServiceModels\ExampleServiceModels.csproj", "{D5044A5E-72E2-4AB2-89FB-82FAB6BB1992}"
EndProject
Project("{2150E333-8FDC-42A3-9474-1A3956D46DE8}") = "BaseService", "BaseService", "{BCECFEA6-3C42-4409-ACD6-C0DC735B6853}"
EndProject
Project("{2150E333-8FDC-42A3-9474-1A3956D46DE8}") = "DataService", "DataService", "{1E38C970-79C4-4E07-BEE3-223F27BEAB30}"
EndProject
Project("{FAE04EC0-301F-11D3-BF4B-00C04F79EFBC}") = "ExampleDataServiceClient", "ExampleDataServiceClient\ExampleDataServiceClient.csproj", "{4CE0BA24-5C15-48DC-9E8D-20F4E1B3C4EB}"
EndProject
Project("{FAE04EC0-301F-11D3-BF4B-00C04F79EFBC}") = "ExampleDataServiceModels", "ExampleDataServiceModels\ExampleDataServiceModels.csproj", "{37745F7B-0E03-4ED2-8172-A1A8BF59BB42}"
EndProject
Project("{FAE04EC0-301F-11D3-BF4B-00C04F79EFBC}") = "ExampleDataServiceDAL", "ExampleDataServiceDAL\ExampleDataServiceDAL.csproj", "{FCBFE839-C162-4AD3-B872-18B40B996EA6}"
EndProject
Global
	GlobalSection(SolutionConfigurationPlatforms) = preSolution
		Debug|Any CPU = Debug|Any CPU
		Release|Any CPU = Release|Any CPU
	EndGlobalSection
	GlobalSection(ProjectConfigurationPlatforms) = postSolution
		{BC3CFFB9-7052-4F1F-8EDF-A05773F83CAF}.Debug|Any CPU.ActiveCfg = Debug|Any CPU
		{BC3CFFB9-7052-4F1F-8EDF-A05773F83CAF}.Debug|Any CPU.Build.0 = Debug|Any CPU
		{BC3CFFB9-7052-4F1F-8EDF-A05773F83CAF}.Release|Any CPU.ActiveCfg = Release|Any CPU
		{BC3CFFB9-7052-4F1F-8EDF-A05773F83CAF}.Release|Any CPU.Build.0 = Release|Any CPU
		{C1FCF933-AC76-4A09-8489-F94C1C730D56}.Debug|Any CPU.ActiveCfg = Debug|Any CPU
		{C1FCF933-AC76-4A09-8489-F94C1C730D56}.Debug|Any CPU.Build.0 = Debug|Any CPU
		{C1FCF933-AC76-4A09-8489-F94C1C730D56}.Release|Any CPU.ActiveCfg = Release|Any CPU
		{C1FCF933-AC76-4A09-8489-F94C1C730D56}.Release|Any CPU.Build.0 = Release|Any CPU
		{2DA7B279-11E3-4A6E-A90F-96AED98FB39D}.Debug|Any CPU.ActiveCfg = Debug|Any CPU
		{2DA7B279-11E3-4A6E-A90F-96AED98FB39D}.Debug|Any CPU.Build.0 = Debug|Any CPU
		{2DA7B279-11E3-4A6E-A90F-96AED98FB39D}.Release|Any CPU.ActiveCfg = Release|Any CPU
		{2DA7B279-11E3-4A6E-A90F-96AED98FB39D}.Release|Any CPU.Build.0 = Release|Any CPU
		{95207EB2-F0E3-4B04-8EF9-37F4BD92176E}.Debug|Any CPU.ActiveCfg = Debug|Any CPU
		{95207EB2-F0E3-4B04-8EF9-37F4BD92176E}.Debug|Any CPU.Build.0 = Debug|Any CPU
		{95207EB2-F0E3-4B04-8EF9-37F4BD92176E}.Release|Any CPU.ActiveCfg = Release|Any CPU
		{95207EB2-F0E3-4B04-8EF9-37F4BD92176E}.Release|Any CPU.Build.0 = Release|Any CPU
		{CF0F0DF5-764A-40AA-850F-6D974392B0F7}.Debug|Any CPU.ActiveCfg = Debug|Any CPU
		{CF0F0DF5-764A-40AA-850F-6D974392B0F7}.Debug|Any CPU.Build.0 = Debug|Any CPU
		{CF0F0DF5-764A-40AA-850F-6D974392B0F7}.Release|Any CPU.ActiveCfg = Release|Any CPU
		{CF0F0DF5-764A-40AA-850F-6D974392B0F7}.Release|Any CPU.Build.0 = Release|Any CPU
		{3219261F-EE14-431F-94D1-B222CE698D60}.Debug|Any CPU.ActiveCfg = Debug|Any CPU
		{3219261F-EE14-431F-94D1-B222CE698D60}.Debug|Any CPU.Build.0 = Debug|Any CPU
		{3219261F-EE14-431F-94D1-B222CE698D60}.Release|Any CPU.ActiveCfg = Release|Any CPU
		{3219261F-EE14-431F-94D1-B222CE698D60}.Release|Any CPU.Build.0 = Release|Any CPU
		{D5044A5E-72E2-4AB2-89FB-82FAB6BB1992}.Debug|Any CPU.ActiveCfg = Debug|Any CPU
		{D5044A5E-72E2-4AB2-89FB-82FAB6BB1992}.Debug|Any CPU.Build.0 = Debug|Any CPU
		{D5044A5E-72E2-4AB2-89FB-82FAB6BB1992}.Release|Any CPU.ActiveCfg = Release|Any CPU
		{D5044A5E-72E2-4AB2-89FB-82FAB6BB1992}.Release|Any CPU.Build.0 = Release|Any CPU
		{4CE0BA24-5C15-48DC-9E8D-20F4E1B3C4EB}.Debug|Any CPU.ActiveCfg = Debug|Any CPU
		{4CE0BA24-5C15-48DC-9E8D-20F4E1B3C4EB}.Debug|Any CPU.Build.0 = Debug|Any CPU
		{4CE0BA24-5C15-48DC-9E8D-20F4E1B3C4EB}.Release|Any CPU.ActiveCfg = Release|Any CPU
		{4CE0BA24-5C15-48DC-9E8D-20F4E1B3C4EB}.Release|Any CPU.Build.0 = Release|Any CPU
		{37745F7B-0E03-4ED2-8172-A1A8BF59BB42}.Debug|Any CPU.ActiveCfg = Debug|Any CPU
		{37745F7B-0E03-4ED2-8172-A1A8BF59BB42}.Debug|Any CPU.Build.0 = Debug|Any CPU
		{37745F7B-0E03-4ED2-8172-A1A8BF59BB42}.Release|Any CPU.ActiveCfg = Release|Any CPU
		{37745F7B-0E03-4ED2-8172-A1A8BF59BB42}.Release|Any CPU.Build.0 = Release|Any CPU
		{FCBFE839-C162-4AD3-B872-18B40B996EA6}.Debug|Any CPU.ActiveCfg = Debug|Any CPU
		{FCBFE839-C162-4AD3-B872-18B40B996EA6}.Debug|Any CPU.Build.0 = Debug|Any CPU
		{FCBFE839-C162-4AD3-B872-18B40B996EA6}.Release|Any CPU.ActiveCfg = Release|Any CPU
		{FCBFE839-C162-4AD3-B872-18B40B996EA6}.Release|Any CPU.Build.0 = Release|Any CPU
	EndGlobalSection
	GlobalSection(SolutionProperties) = preSolution
		HideSolutionNode = FALSE
	EndGlobalSection
	GlobalSection(NestedProjects) = preSolution
		{C1FCF933-AC76-4A09-8489-F94C1C730D56} = {1DD25E21-CF9A-4817-B838-D6781F3EAEB0}
		{2DA7B279-11E3-4A6E-A90F-96AED98FB39D} = {1DD25E21-CF9A-4817-B838-D6781F3EAEB0}
		{95207EB2-F0E3-4B04-8EF9-37F4BD92176E} = {BCECFEA6-3C42-4409-ACD6-C0DC735B6853}
		{CF0F0DF5-764A-40AA-850F-6D974392B0F7} = {1E38C970-79C4-4E07-BEE3-223F27BEAB30}
		{3219261F-EE14-431F-94D1-B222CE698D60} = {BCECFEA6-3C42-4409-ACD6-C0DC735B6853}
		{D5044A5E-72E2-4AB2-89FB-82FAB6BB1992} = {BCECFEA6-3C42-4409-ACD6-C0DC735B6853}
		{BCECFEA6-3C42-4409-ACD6-C0DC735B6853} = {DA6525B8-5640-4432-9ECB-32677D3A61C8}
		{1E38C970-79C4-4E07-BEE3-223F27BEAB30} = {DA6525B8-5640-4432-9ECB-32677D3A61C8}
		{4CE0BA24-5C15-48DC-9E8D-20F4E1B3C4EB} = {1E38C970-79C4-4E07-BEE3-223F27BEAB30}
		{37745F7B-0E03-4ED2-8172-A1A8BF59BB42} = {1E38C970-79C4-4E07-BEE3-223F27BEAB30}
		{FCBFE839-C162-4AD3-B872-18B40B996EA6} = {1E38C970-79C4-4E07-BEE3-223F27BEAB30}
	EndGlobalSection
	GlobalSection(ExtensibilityGlobals) = postSolution
		SolutionGuid = {3D9BB8DF-AC83-44CF-8C5C-AAFDEE6489E8}
	EndGlobalSection
EndGlobal
